
Microsoft Visual Studio Solution File, Format Version 12.00
# Visual Studio Version 17
VisualStudioVersion = 17.5.2.0
MinimumVisualStudioVersion = 10.0.40219.1
Project("{FAE04EC0-301F-11D3-BF4B-00C04F79EFBC}") = "veri yaplıraı proje", "veri yaplıraı proje.csproj", "{59CEAD2F-5496-E22B-919A-FE358AB46E3E}"
EndProject
Global
	GlobalSection(SolutionConfigurationPlatforms) = preSolution
		Debug|Any CPU = Debug|Any CPU
		Release|Any CPU = Release|Any CPU
	EndGlobalSection
	GlobalSection(ProjectConfigurationPlatforms) = postSolution
		{59CEAD2F-5496-E22B-919A-FE358AB46E3E}.Debug|Any CPU.ActiveCfg = Debug|Any CPU
		{59CEAD2F-5496-E22B-919A-FE358AB46E3E}.Debug|Any CPU.Build.0 = Debug|Any CPU
		{59CEAD2F-5496-E22B-919A-FE358AB46E3E}.Release|Any CPU.ActiveCfg = Release|Any CPU
		{59CEAD2F-5496-E22B-919A-FE358AB46E3E}.Release|Any CPU.Build.0 = Release|Any CPU
	EndGlobalSection
	GlobalSection(SolutionProperties) = preSolution
		HideSolutionNode = FALSE
	EndGlobalSection
	GlobalSection(ExtensibilityGlobals) = postSolution
		SolutionGuid = {4462501D-26EE-4B2C-9D17-AA74019DEC24}
	EndGlobalSection
EndGlobal
