
Microsoft Visual Studio Solution File, Format Version 12.00
# Visual Studio Version 17
VisualStudioVersion = 17.5.2.0
MinimumVisualStudioVersion = 10.0.40219.1
Project("{FAE04EC0-301F-11D3-BF4B-00C04F79EFBC}") = "hash tablosu yapısı arama işlemi", "hash tablosu yapısı arama işlemi.csproj", "{CC27225A-B8BB-C988-7A22-2C26D297767D}"
EndProject
Global
	GlobalSection(SolutionConfigurationPlatforms) = preSolution
		Debug|Any CPU = Debug|Any CPU
		Release|Any CPU = Release|Any CPU
	EndGlobalSection
	GlobalSection(ProjectConfigurationPlatforms) = postSolution
		{CC27225A-B8BB-C988-7A22-2C26D297767D}.Debug|Any CPU.ActiveCfg = Debug|Any CPU
		{CC27225A-B8BB-C988-7A22-2C26D297767D}.Debug|Any CPU.Build.0 = Debug|Any CPU
		{CC27225A-B8BB-C988-7A22-2C26D297767D}.Release|Any CPU.ActiveCfg = Release|Any CPU
		{CC27225A-B8BB-C988-7A22-2C26D297767D}.Release|Any CPU.Build.0 = Release|Any CPU
	EndGlobalSection
	GlobalSection(SolutionProperties) = preSolution
		HideSolutionNode = FALSE
	EndGlobalSection
	GlobalSection(ExtensibilityGlobals) = postSolution
		SolutionGuid = {00EF41E9-F6FE-435A-B138-148A7964BFFE}
	EndGlobalSection
EndGlobal
