
Microsoft Visual Studio Solution File, Format Version 12.00
# Visual Studio Version 17
VisualStudioVersion = 17.5.2.0
MinimumVisualStudioVersion = 10.0.40219.1
Project("{FAE04EC0-301F-11D3-BF4B-00C04F79EFBC}") = "çift ​​yönlü yuvarlak liste aradaki eleman silme", "çift ​​yönlü yuvarlak liste aradaki eleman silme.csproj", "{FE8EE7B9-DA61-EE68-8EEF-5B27F2555D87}"
EndProject
Global
	GlobalSection(SolutionConfigurationPlatforms) = preSolution
		Debug|Any CPU = Debug|Any CPU
		Release|Any CPU = Release|Any CPU
	EndGlobalSection
	GlobalSection(ProjectConfigurationPlatforms) = postSolution
		{FE8EE7B9-DA61-EE68-8EEF-5B27F2555D87}.Debug|Any CPU.ActiveCfg = Debug|Any CPU
		{FE8EE7B9-DA61-EE68-8EEF-5B27F2555D87}.Debug|Any CPU.Build.0 = Debug|Any CPU
		{FE8EE7B9-DA61-EE68-8EEF-5B27F2555D87}.Release|Any CPU.ActiveCfg = Release|Any CPU
		{FE8EE7B9-DA61-EE68-8EEF-5B27F2555D87}.Release|Any CPU.Build.0 = Release|Any CPU
	EndGlobalSection
	GlobalSection(SolutionProperties) = preSolution
		HideSolutionNode = FALSE
	EndGlobalSection
	GlobalSection(ExtensibilityGlobals) = postSolution
		SolutionGuid = {44E24AD5-4110-4D9B-A048-358BAF57847C}
	EndGlobalSection
EndGlobal
